
Microsoft Visual Studio Solution File, Format Version 12.00
Project("{FAE04EC0-301F-11D3-BF4B-00C04F79EFBC}") = "PracticalWork.Report", "PracticalWork.Report\PracticalWork.Report.csproj", "{40FB70A9-FEDC-4FB0-87CB-45C22161A5F5}"
EndProject
Project("{2150E333-8FDC-42A3-9474-1A3956D46DE8}") = "Infrastructure", "Infrastructure", "{D0C62D98-8CB9-4236-B271-B13554A815EB}"
EndProject
Project("{FAE04EC0-301F-11D3-BF4B-00C04F79EFBC}") = "PracticalWork.Report.PostgreSql", "PracticalWork.Report.PostgreSql\PracticalWork.Report.PostgreSql.csproj", "{A7CB957B-E64B-4D5F-92D5-A5000783D40D}"
EndProject
Project("{2150E333-8FDC-42A3-9474-1A3956D46DE8}") = "utils", "utils", "{598D34C7-6E92-48F5-AAF8-F29BA1E32A6D}"
EndProject
Project("{FAE04EC0-301F-11D3-BF4B-00C04F79EFBC}") = "PracticalWork.Report.Data.PostgreSql.Migrator", "PracticalWork.Report.Data.PostgreSql.Migrator\PracticalWork.Report.Data.PostgreSql.Migrator.csproj", "{849DC5B0-E411-4BC7-A111-12B70B39237B}"
EndProject
Project("{FAE04EC0-301F-11D3-BF4B-00C04F79EFBC}") = "PracticalWork.Report.Application", "PracticalWork.Report.Application\PracticalWork.Report.Application.csproj", "{338E7A3E-D31C-4130-A790-D6D7B8858076}"
EndProject
Project("{FAE04EC0-301F-11D3-BF4B-00C04F79EFBC}") = "PracticalWork.Report.Consumers", "PracticalWork.Report.Consumers\PracticalWork.Report.Consumers.csproj", "{37280895-2963-4108-AF42-6E941F893D7C}"
EndProject
Project("{FAE04EC0-301F-11D3-BF4B-00C04F79EFBC}") = "PracticalWork.Report.Contracts", "PracticalWork.Report.Contracts\PracticalWork.Report.Contracts.csproj", "{5B764822-1D1F-4658-AB6B-BCC96F2607FD}"
EndProject
Project("{FAE04EC0-301F-11D3-BF4B-00C04F79EFBC}") = "PracticalWork.Report.Controllers", "PracticalWork.Report.Controllers\PracticalWork.Report.Controllers.csproj", "{E6033B7D-CDFC-4365-8A50-A3B1A10C1B45}"
EndProject
Project("{FAE04EC0-301F-11D3-BF4B-00C04F79EFBC}") = "PracticalWork.Report.Web", "PracticalWork.Report.Web\PracticalWork.Report.Web.csproj", "{0B0B2A87-BA47-4F58-A966-53373B47C56A}"
EndProject
Project("{FAE04EC0-301F-11D3-BF4B-00C04F79EFBC}") = "PracticalWork.Report.Tests", "PracticalWork.Report.Tests\PracticalWork.Report.Tests.csproj", "{6E18D771-08C5-415D-B934-0C262775AA0F}"
EndProject
Global
	GlobalSection(SolutionConfigurationPlatforms) = preSolution
		Debug|Any CPU = Debug|Any CPU
		Release|Any CPU = Release|Any CPU
	EndGlobalSection
	GlobalSection(ProjectConfigurationPlatforms) = postSolution
		{40FB70A9-FEDC-4FB0-87CB-45C22161A5F5}.Debug|Any CPU.ActiveCfg = Debug|Any CPU
		{40FB70A9-FEDC-4FB0-87CB-45C22161A5F5}.Debug|Any CPU.Build.0 = Debug|Any CPU
		{40FB70A9-FEDC-4FB0-87CB-45C22161A5F5}.Release|Any CPU.ActiveCfg = Release|Any CPU
		{40FB70A9-FEDC-4FB0-87CB-45C22161A5F5}.Release|Any CPU.Build.0 = Release|Any CPU
		{A7CB957B-E64B-4D5F-92D5-A5000783D40D}.Debug|Any CPU.ActiveCfg = Debug|Any CPU
		{A7CB957B-E64B-4D5F-92D5-A5000783D40D}.Debug|Any CPU.Build.0 = Debug|Any CPU
		{A7CB957B-E64B-4D5F-92D5-A5000783D40D}.Release|Any CPU.ActiveCfg = Release|Any CPU
		{A7CB957B-E64B-4D5F-92D5-A5000783D40D}.Release|Any CPU.Build.0 = Release|Any CPU
		{849DC5B0-E411-4BC7-A111-12B70B39237B}.Debug|Any CPU.ActiveCfg = Debug|Any CPU
		{849DC5B0-E411-4BC7-A111-12B70B39237B}.Debug|Any CPU.Build.0 = Debug|Any CPU
		{849DC5B0-E411-4BC7-A111-12B70B39237B}.Release|Any CPU.ActiveCfg = Release|Any CPU
		{849DC5B0-E411-4BC7-A111-12B70B39237B}.Release|Any CPU.Build.0 = Release|Any CPU
		{338E7A3E-D31C-4130-A790-D6D7B8858076}.Debug|Any CPU.ActiveCfg = Debug|Any CPU
		{338E7A3E-D31C-4130-A790-D6D7B8858076}.Debug|Any CPU.Build.0 = Debug|Any CPU
		{338E7A3E-D31C-4130-A790-D6D7B8858076}.Release|Any CPU.ActiveCfg = Release|Any CPU
		{338E7A3E-D31C-4130-A790-D6D7B8858076}.Release|Any CPU.Build.0 = Release|Any CPU
		{37280895-2963-4108-AF42-6E941F893D7C}.Debug|Any CPU.ActiveCfg = Debug|Any CPU
		{37280895-2963-4108-AF42-6E941F893D7C}.Debug|Any CPU.Build.0 = Debug|Any CPU
		{37280895-2963-4108-AF42-6E941F893D7C}.Release|Any CPU.ActiveCfg = Release|Any CPU
		{37280895-2963-4108-AF42-6E941F893D7C}.Release|Any CPU.Build.0 = Release|Any CPU
		{5B764822-1D1F-4658-AB6B-BCC96F2607FD}.Debug|Any CPU.ActiveCfg = Debug|Any CPU
		{5B764822-1D1F-4658-AB6B-BCC96F2607FD}.Debug|Any CPU.Build.0 = Debug|Any CPU
		{5B764822-1D1F-4658-AB6B-BCC96F2607FD}.Release|Any CPU.ActiveCfg = Release|Any CPU
		{5B764822-1D1F-4658-AB6B-BCC96F2607FD}.Release|Any CPU.Build.0 = Release|Any CPU
		{E6033B7D-CDFC-4365-8A50-A3B1A10C1B45}.Debug|Any CPU.ActiveCfg = Debug|Any CPU
		{E6033B7D-CDFC-4365-8A50-A3B1A10C1B45}.Debug|Any CPU.Build.0 = Debug|Any CPU
		{E6033B7D-CDFC-4365-8A50-A3B1A10C1B45}.Release|Any CPU.ActiveCfg = Release|Any CPU
		{E6033B7D-CDFC-4365-8A50-A3B1A10C1B45}.Release|Any CPU.Build.0 = Release|Any CPU
		{0B0B2A87-BA47-4F58-A966-53373B47C56A}.Debug|Any CPU.ActiveCfg = Debug|Any CPU
		{0B0B2A87-BA47-4F58-A966-53373B47C56A}.Debug|Any CPU.Build.0 = Debug|Any CPU
		{0B0B2A87-BA47-4F58-A966-53373B47C56A}.Release|Any CPU.ActiveCfg = Release|Any CPU
		{0B0B2A87-BA47-4F58-A966-53373B47C56A}.Release|Any CPU.Build.0 = Release|Any CPU
		{6E18D771-08C5-415D-B934-0C262775AA0F}.Debug|Any CPU.ActiveCfg = Debug|Any CPU
		{6E18D771-08C5-415D-B934-0C262775AA0F}.Debug|Any CPU.Build.0 = Debug|Any CPU
		{6E18D771-08C5-415D-B934-0C262775AA0F}.Release|Any CPU.ActiveCfg = Release|Any CPU
		{6E18D771-08C5-415D-B934-0C262775AA0F}.Release|Any CPU.Build.0 = Release|Any CPU
	EndGlobalSection
	GlobalSection(NestedProjects) = preSolution
		{A7CB957B-E64B-4D5F-92D5-A5000783D40D} = {D0C62D98-8CB9-4236-B271-B13554A815EB}
		{849DC5B0-E411-4BC7-A111-12B70B39237B} = {598D34C7-6E92-48F5-AAF8-F29BA1E32A6D}
	EndGlobalSection
EndGlobal
